
Microsoft Visual Studio Solution File, Format Version 12.00
# Visual Studio Version 17
VisualStudioVersion = 17.9.34723.18
MinimumVisualStudioVersion = 15.0.26124.0
Project("{9A19103F-16F7-4668-BE54-9A1E7A4F7556}") = "Life", "Life\Life.csproj", "{2BE8B5F0-9DD4-4216-9288-714918AF7EBB}"
EndProject
Project("{9A19103F-16F7-4668-BE54-9A1E7A4F7556}") = "life.test", "life.test\life.test.csproj", "{486BA6F7-0666-4373-8461-DB5DB0EB59B7}"
EndProject
Global
	GlobalSection(SolutionConfigurationPlatforms) = preSolution
		Debug|Any CPU = Debug|Any CPU
		Release|Any CPU = Release|Any CPU
	EndGlobalSection
	GlobalSection(ProjectConfigurationPlatforms) = postSolution
		{2BE8B5F0-9DD4-4216-9288-714918AF7EBB}.Debug|Any CPU.ActiveCfg = Debug|Any CPU
		{2BE8B5F0-9DD4-4216-9288-714918AF7EBB}.Debug|Any CPU.Build.0 = Debug|Any CPU
		{2BE8B5F0-9DD4-4216-9288-714918AF7EBB}.Release|Any CPU.ActiveCfg = Release|Any CPU
		{2BE8B5F0-9DD4-4216-9288-714918AF7EBB}.Release|Any CPU.Build.0 = Release|Any CPU
		{486BA6F7-0666-4373-8461-DB5DB0EB59B7}.Debug|Any CPU.ActiveCfg = Debug|Any CPU
		{486BA6F7-0666-4373-8461-DB5DB0EB59B7}.Debug|Any CPU.Build.0 = Debug|Any CPU
		{486BA6F7-0666-4373-8461-DB5DB0EB59B7}.Release|Any CPU.ActiveCfg = Release|Any CPU
		{486BA6F7-0666-4373-8461-DB5DB0EB59B7}.Release|Any CPU.Build.0 = Release|Any CPU
	EndGlobalSection
	GlobalSection(SolutionProperties) = preSolution
		HideSolutionNode = FALSE
	EndGlobalSection
	GlobalSection(ExtensibilityGlobals) = postSolution
		SolutionGuid = {1A02EAC7-CFA6-41AC-96DB-D7FE0B9B0CC0}
	EndGlobalSection
EndGlobal
