
﻿
Microsoft Visual Studio Solution File, Format Version 12.00
# Visual Studio Version 17
VisualStudioVersion = 17.5.33516.290
MinimumVisualStudioVersion = 15.0.26124.0
Project("{9A19103F-16F7-4668-BE54-9A1E7A4F7556}") = "Life", "Life\Life.csproj", "{553EF050-2D6A-4BFA-9E64-165BEBEF9B01}"
EndProject
Project("{9A19103F-16F7-4668-BE54-9A1E7A4F7556}") = "test", "test\test.csproj", "{A0141097-9E14-4F33-A260-D62F5B9EA2FE}"
EndProject
Global
	GlobalSection(SolutionConfigurationPlatforms) = preSolution
		Debug|Any CPU = Debug|Any CPU
		Debug|ARM = Debug|ARM
		Debug|ARM64 = Debug|ARM64
		Debug|x64 = Debug|x64
		Debug|x86 = Debug|x86
		Release|Any CPU = Release|Any CPU
		Release|ARM = Release|ARM
		Release|ARM64 = Release|ARM64
		Release|x64 = Release|x64
		Release|x86 = Release|x86
	EndGlobalSection
	GlobalSection(ProjectConfigurationPlatforms) = postSolution
		{553EF050-2D6A-4BFA-9E64-165BEBEF9B01}.Debug|Any CPU.ActiveCfg = Debug|Any CPU
		{553EF050-2D6A-4BFA-9E64-165BEBEF9B01}.Debug|Any CPU.Build.0 = Debug|Any CPU
		{553EF050-2D6A-4BFA-9E64-165BEBEF9B01}.Debug|ARM.ActiveCfg = Debug|Any CPU
		{553EF050-2D6A-4BFA-9E64-165BEBEF9B01}.Debug|ARM.Build.0 = Debug|Any CPU
		{553EF050-2D6A-4BFA-9E64-165BEBEF9B01}.Debug|ARM64.ActiveCfg = Debug|Any CPU
		{553EF050-2D6A-4BFA-9E64-165BEBEF9B01}.Debug|ARM64.Build.0 = Debug|Any CPU
		{553EF050-2D6A-4BFA-9E64-165BEBEF9B01}.Debug|x64.ActiveCfg = Debug|Any CPU
		{553EF050-2D6A-4BFA-9E64-165BEBEF9B01}.Debug|x64.Build.0 = Debug|Any CPU
		{553EF050-2D6A-4BFA-9E64-165BEBEF9B01}.Debug|x86.ActiveCfg = Debug|Any CPU
		{553EF050-2D6A-4BFA-9E64-165BEBEF9B01}.Debug|x86.Build.0 = Debug|Any CPU
		{553EF050-2D6A-4BFA-9E64-165BEBEF9B01}.Release|Any CPU.ActiveCfg = Release|Any CPU
		{553EF050-2D6A-4BFA-9E64-165BEBEF9B01}.Release|Any CPU.Build.0 = Release|Any CPU
		{553EF050-2D6A-4BFA-9E64-165BEBEF9B01}.Release|ARM.ActiveCfg = Release|Any CPU
		{553EF050-2D6A-4BFA-9E64-165BEBEF9B01}.Release|ARM.Build.0 = Release|Any CPU
		{553EF050-2D6A-4BFA-9E64-165BEBEF9B01}.Release|ARM64.ActiveCfg = Release|Any CPU
		{553EF050-2D6A-4BFA-9E64-165BEBEF9B01}.Release|ARM64.Build.0 = Release|Any CPU
		{553EF050-2D6A-4BFA-9E64-165BEBEF9B01}.Release|x64.ActiveCfg = Release|Any CPU
		{553EF050-2D6A-4BFA-9E64-165BEBEF9B01}.Release|x64.Build.0 = Release|Any CPU
		{553EF050-2D6A-4BFA-9E64-165BEBEF9B01}.Release|x86.ActiveCfg = Release|Any CPU
		{553EF050-2D6A-4BFA-9E64-165BEBEF9B01}.Release|x86.Build.0 = Release|Any CPU
		{A0141097-9E14-4F33-A260-D62F5B9EA2FE}.Debug|Any CPU.ActiveCfg = Debug|Any CPU
		{A0141097-9E14-4F33-A260-D62F5B9EA2FE}.Debug|Any CPU.Build.0 = Debug|Any CPU
		{A0141097-9E14-4F33-A260-D62F5B9EA2FE}.Debug|Any CPU.Deploy.0 = Debug|Any CPU
		{A0141097-9E14-4F33-A260-D62F5B9EA2FE}.Debug|ARM.ActiveCfg = Debug|ARM
		{A0141097-9E14-4F33-A260-D62F5B9EA2FE}.Debug|ARM.Build.0 = Debug|ARM
		{A0141097-9E14-4F33-A260-D62F5B9EA2FE}.Debug|ARM.Deploy.0 = Debug|ARM
		{A0141097-9E14-4F33-A260-D62F5B9EA2FE}.Debug|ARM64.ActiveCfg = Debug|ARM64
		{A0141097-9E14-4F33-A260-D62F5B9EA2FE}.Debug|ARM64.Build.0 = Debug|ARM64
		{A0141097-9E14-4F33-A260-D62F5B9EA2FE}.Debug|ARM64.Deploy.0 = Debug|ARM64
		{A0141097-9E14-4F33-A260-D62F5B9EA2FE}.Debug|x64.ActiveCfg = Debug|x64
		{A0141097-9E14-4F33-A260-D62F5B9EA2FE}.Debug|x64.Build.0 = Debug|x64
		{A0141097-9E14-4F33-A260-D62F5B9EA2FE}.Debug|x64.Deploy.0 = Debug|x64
		{A0141097-9E14-4F33-A260-D62F5B9EA2FE}.Debug|x86.ActiveCfg = Debug|x86
		{A0141097-9E14-4F33-A260-D62F5B9EA2FE}.Debug|x86.Build.0 = Debug|x86
		{A0141097-9E14-4F33-A260-D62F5B9EA2FE}.Debug|x86.Deploy.0 = Debug|x86
		{A0141097-9E14-4F33-A260-D62F5B9EA2FE}.Release|Any CPU.ActiveCfg = Release|x64
		{A0141097-9E14-4F33-A260-D62F5B9EA2FE}.Release|Any CPU.Build.0 = Release|x64
		{A0141097-9E14-4F33-A260-D62F5B9EA2FE}.Release|Any CPU.Deploy.0 = Release|x64
		{A0141097-9E14-4F33-A260-D62F5B9EA2FE}.Release|ARM.ActiveCfg = Release|ARM
		{A0141097-9E14-4F33-A260-D62F5B9EA2FE}.Release|ARM.Build.0 = Release|ARM
		{A0141097-9E14-4F33-A260-D62F5B9EA2FE}.Release|ARM.Deploy.0 = Release|ARM
		{A0141097-9E14-4F33-A260-D62F5B9EA2FE}.Release|ARM64.ActiveCfg = Release|ARM64
		{A0141097-9E14-4F33-A260-D62F5B9EA2FE}.Release|ARM64.Build.0 = Release|ARM64
		{A0141097-9E14-4F33-A260-D62F5B9EA2FE}.Release|ARM64.Deploy.0 = Release|ARM64
		{A0141097-9E14-4F33-A260-D62F5B9EA2FE}.Release|x64.ActiveCfg = Release|x64
		{A0141097-9E14-4F33-A260-D62F5B9EA2FE}.Release|x64.Build.0 = Release|x64
		{A0141097-9E14-4F33-A260-D62F5B9EA2FE}.Release|x64.Deploy.0 = Release|x64
		{A0141097-9E14-4F33-A260-D62F5B9EA2FE}.Release|x86.ActiveCfg = Release|x86
		{A0141097-9E14-4F33-A260-D62F5B9EA2FE}.Release|x86.Build.0 = Release|x86
		{A0141097-9E14-4F33-A260-D62F5B9EA2FE}.Release|x86.Deploy.0 = Release|x86
	EndGlobalSection
	GlobalSection(SolutionProperties) = preSolution
		HideSolutionNode = FALSE
	EndGlobalSection
	GlobalSection(ExtensibilityGlobals) = postSolution
		SolutionGuid = {E4981944-036C-4408-9B69-37DB707D59E0}
	EndGlobalSection
EndGlobal
