
Microsoft Visual Studio Solution File, Format Version 12.00
# Visual Studio Version 17
VisualStudioVersion = 17.9.34728.123
MinimumVisualStudioVersion = 10.0.40219.1
Project("{FAE04EC0-301F-11D3-BF4B-00C04F79EFBC}") = "Life", "Life\Life.csproj", "{5AF38E49-2E31-40EB-AA75-925E404CECA3}"
EndProject
Project("{FAE04EC0-301F-11D3-BF4B-00C04F79EFBC}") = "TestProject1", "TestProject1\TestProject1.csproj", "{4138517B-9AC4-48EA-AA5A-97C4EC3A84B9}"
EndProject
Global
	GlobalSection(SolutionConfigurationPlatforms) = preSolution
		Debug|Any CPU = Debug|Any CPU
		Release|Any CPU = Release|Any CPU
	EndGlobalSection
	GlobalSection(ProjectConfigurationPlatforms) = postSolution
		{5AF38E49-2E31-40EB-AA75-925E404CECA3}.Debug|Any CPU.ActiveCfg = Debug|Any CPU
		{5AF38E49-2E31-40EB-AA75-925E404CECA3}.Debug|Any CPU.Build.0 = Debug|Any CPU
		{5AF38E49-2E31-40EB-AA75-925E404CECA3}.Release|Any CPU.ActiveCfg = Release|Any CPU
		{5AF38E49-2E31-40EB-AA75-925E404CECA3}.Release|Any CPU.Build.0 = Release|Any CPU
		{4138517B-9AC4-48EA-AA5A-97C4EC3A84B9}.Debug|Any CPU.ActiveCfg = Debug|Any CPU
		{4138517B-9AC4-48EA-AA5A-97C4EC3A84B9}.Debug|Any CPU.Build.0 = Debug|Any CPU
		{4138517B-9AC4-48EA-AA5A-97C4EC3A84B9}.Release|Any CPU.ActiveCfg = Release|Any CPU
		{4138517B-9AC4-48EA-AA5A-97C4EC3A84B9}.Release|Any CPU.Build.0 = Release|Any CPU
	EndGlobalSection
	GlobalSection(SolutionProperties) = preSolution
		HideSolutionNode = FALSE
	EndGlobalSection
	GlobalSection(ExtensibilityGlobals) = postSolution
		SolutionGuid = {49F9B439-272B-4A2C-9E3F-8FEC43FCC03F}
	EndGlobalSection
EndGlobal
