
Microsoft Visual Studio Solution File, Format Version 12.00
# Visual Studio Version 16
VisualStudioVersion = 16.0.29509.3
MinimumVisualStudioVersion = 10.0.40219.1
Project("{FAE04EC0-301F-11D3-BF4B-00C04F79EFBC}") = "GameOfLife", "Life\GameOfLife.csproj", "{E3C99B46-ABE1-49D4-BA9B-311706231E06}"
EndProject
Project("{FAE04EC0-301F-11D3-BF4B-00C04F79EFBC}") = "Life.Test", "Life.Test\Life.Test.csproj", "{231D99DD-DC0C-4312-9E6A-668C8C91AED7}"
EndProject
Global
	GlobalSection(SolutionConfigurationPlatforms) = preSolution
		Debug|Any CPU = Debug|Any CPU
		Release|Any CPU = Release|Any CPU
	EndGlobalSection
	GlobalSection(ProjectConfigurationPlatforms) = postSolution
		{E3C99B46-ABE1-49D4-BA9B-311706231E06}.Debug|Any CPU.ActiveCfg = Debug|Any CPU
		{E3C99B46-ABE1-49D4-BA9B-311706231E06}.Debug|Any CPU.Build.0 = Debug|Any CPU
		{E3C99B46-ABE1-49D4-BA9B-311706231E06}.Release|Any CPU.ActiveCfg = Release|Any CPU
		{E3C99B46-ABE1-49D4-BA9B-311706231E06}.Release|Any CPU.Build.0 = Release|Any CPU
		{231D99DD-DC0C-4312-9E6A-668C8C91AED7}.Debug|Any CPU.ActiveCfg = Debug|Any CPU
		{231D99DD-DC0C-4312-9E6A-668C8C91AED7}.Debug|Any CPU.Build.0 = Debug|Any CPU
		{231D99DD-DC0C-4312-9E6A-668C8C91AED7}.Release|Any CPU.ActiveCfg = Release|Any CPU
		{231D99DD-DC0C-4312-9E6A-668C8C91AED7}.Release|Any CPU.Build.0 = Release|Any CPU
	EndGlobalSection
	GlobalSection(SolutionProperties) = preSolution
		HideSolutionNode = FALSE
	EndGlobalSection
	GlobalSection(ExtensibilityGlobals) = postSolution
		SolutionGuid = {A0029AEF-2ECC-42A4-9BC2-FC3C27DE64FD}
	EndGlobalSection
EndGlobal
