
Microsoft Visual Studio Solution File, Format Version 12.00
# Visual Studio Version 17
VisualStudioVersion = 17.5.002.0
MinimumVisualStudioVersion = 10.0.40219.1
Project("{9A19103F-16F7-4668-BE54-9A1E7A4F7556}") = "Life", "Life\Life.csproj", "{F36465A7-A734-44BA-A081-DDCA55949B91}"
EndProject
Global
	GlobalSection(SolutionConfigurationPlatforms) = preSolution
		Debug|Any CPU = Debug|Any CPU
		Release|Any CPU = Release|Any CPU
	EndGlobalSection
	GlobalSection(ProjectConfigurationPlatforms) = postSolution
		{F36465A7-A734-44BA-A081-DDCA55949B91}.Debug|Any CPU.ActiveCfg = Debug|Any CPU
		{F36465A7-A734-44BA-A081-DDCA55949B91}.Debug|Any CPU.Build.0 = Debug|Any CPU
		{F36465A7-A734-44BA-A081-DDCA55949B91}.Release|Any CPU.ActiveCfg = Release|Any CPU
		{F36465A7-A734-44BA-A081-DDCA55949B91}.Release|Any CPU.Build.0 = Release|Any CPU
	EndGlobalSection
	GlobalSection(SolutionProperties) = preSolution
		HideSolutionNode = FALSE
	EndGlobalSection
	GlobalSection(ExtensibilityGlobals) = postSolution
		SolutionGuid = {DFF03B99-464B-4020-A2B0-781F65285C99}
	EndGlobalSection
EndGlobal
